
Microsoft Visual Studio Solution File, Format Version 12.00
# Visual Studio Version 16
VisualStudioVersion = 16.0.30717.126
MinimumVisualStudioVersion = 10.0.40219.1
Project("{FAE04EC0-301F-11D3-BF4B-00C04F79EFBC}") = "20220202_TableList", "20220202_TableList\20220202_TableList.csproj", "{24494F9F-D6A6-4CB5-87C3-8CFF016B7177}"
EndProject
Project("{FAE04EC0-301F-11D3-BF4B-00C04F79EFBC}") = "WindowsTableBase", "WindowsTableBase\WindowsTableBase.csproj", "{D7118ADF-4F60-4236-919C-5C9C22DA7542}"
EndProject
Project("{FAE04EC0-301F-11D3-BF4B-00C04F79EFBC}") = "DataSetTeamsPlayers", "DataSetTeamsPlayers\DataSetTeamsPlayers.csproj", "{A264FBBA-E0E2-4844-B168-B941FF22E07B}"
EndProject
Global
	GlobalSection(SolutionConfigurationPlatforms) = preSolution
		Debug|Any CPU = Debug|Any CPU
		Release|Any CPU = Release|Any CPU
	EndGlobalSection
	GlobalSection(ProjectConfigurationPlatforms) = postSolution
		{24494F9F-D6A6-4CB5-87C3-8CFF016B7177}.Debug|Any CPU.ActiveCfg = Debug|Any CPU
		{24494F9F-D6A6-4CB5-87C3-8CFF016B7177}.Debug|Any CPU.Build.0 = Debug|Any CPU
		{24494F9F-D6A6-4CB5-87C3-8CFF016B7177}.Release|Any CPU.ActiveCfg = Release|Any CPU
		{24494F9F-D6A6-4CB5-87C3-8CFF016B7177}.Release|Any CPU.Build.0 = Release|Any CPU
		{D7118ADF-4F60-4236-919C-5C9C22DA7542}.Debug|Any CPU.ActiveCfg = Debug|Any CPU
		{D7118ADF-4F60-4236-919C-5C9C22DA7542}.Debug|Any CPU.Build.0 = Debug|Any CPU
		{D7118ADF-4F60-4236-919C-5C9C22DA7542}.Release|Any CPU.ActiveCfg = Release|Any CPU
		{D7118ADF-4F60-4236-919C-5C9C22DA7542}.Release|Any CPU.Build.0 = Release|Any CPU
		{A264FBBA-E0E2-4844-B168-B941FF22E07B}.Debug|Any CPU.ActiveCfg = Debug|Any CPU
		{A264FBBA-E0E2-4844-B168-B941FF22E07B}.Debug|Any CPU.Build.0 = Debug|Any CPU
		{A264FBBA-E0E2-4844-B168-B941FF22E07B}.Release|Any CPU.ActiveCfg = Release|Any CPU
		{A264FBBA-E0E2-4844-B168-B941FF22E07B}.Release|Any CPU.Build.0 = Release|Any CPU
	EndGlobalSection
	GlobalSection(SolutionProperties) = preSolution
		HideSolutionNode = FALSE
	EndGlobalSection
	GlobalSection(ExtensibilityGlobals) = postSolution
		SolutionGuid = {F2AFF802-029F-4D75-939E-818245546928}
	EndGlobalSection
EndGlobal
